
Microsoft Visual Studio Solution File, Format Version 12.00
# Visual Studio Version 17
VisualStudioVersion = 17.0.32014.148
MinimumVisualStudioVersion = 10.0.40219.1
Project("{9A19103F-16F7-4668-BE54-9A1E7A4F7556}") = "Phantonia.MazeGeneration.Interface", "Phantonia.MazeGeneration.Interface\Phantonia.MazeGeneration.Interface.csproj", "{CF79B165-8E32-4FEB-9441-1EDE74984FD0}"
EndProject
Project("{9A19103F-16F7-4668-BE54-9A1E7A4F7556}") = "Phantonia.Structures", "Phantonia.Structures\Phantonia.Structures.csproj", "{8508FC83-D13D-4697-9006-59EB9CE71E62}"
EndProject
Project("{9A19103F-16F7-4668-BE54-9A1E7A4F7556}") = "Phantonia.MazeGeneration", "Phantonia.MazeGeneration\Phantonia.MazeGeneration.csproj", "{378B5CD1-168E-4588-9584-F2837B1EA98E}"
EndProject
Project("{FAE04EC0-301F-11D3-BF4B-00C04F79EFBC}") = "Phantonia.MazeGeneration.UI", "Phantonia.MazeGeneration.UI\Phantonia.MazeGeneration.UI.csproj", "{DD2D330A-0053-4BCB-B8A7-64C2A57A03C6}"
EndProject
Global
	GlobalSection(SolutionConfigurationPlatforms) = preSolution
		Debug|Any CPU = Debug|Any CPU
		Release|Any CPU = Release|Any CPU
	EndGlobalSection
	GlobalSection(ProjectConfigurationPlatforms) = postSolution
		{CF79B165-8E32-4FEB-9441-1EDE74984FD0}.Debug|Any CPU.ActiveCfg = Debug|Any CPU
		{CF79B165-8E32-4FEB-9441-1EDE74984FD0}.Debug|Any CPU.Build.0 = Debug|Any CPU
		{CF79B165-8E32-4FEB-9441-1EDE74984FD0}.Release|Any CPU.ActiveCfg = Release|Any CPU
		{CF79B165-8E32-4FEB-9441-1EDE74984FD0}.Release|Any CPU.Build.0 = Release|Any CPU
		{8508FC83-D13D-4697-9006-59EB9CE71E62}.Debug|Any CPU.ActiveCfg = Debug|Any CPU
		{8508FC83-D13D-4697-9006-59EB9CE71E62}.Debug|Any CPU.Build.0 = Debug|Any CPU
		{8508FC83-D13D-4697-9006-59EB9CE71E62}.Release|Any CPU.ActiveCfg = Release|Any CPU
		{8508FC83-D13D-4697-9006-59EB9CE71E62}.Release|Any CPU.Build.0 = Release|Any CPU
		{378B5CD1-168E-4588-9584-F2837B1EA98E}.Debug|Any CPU.ActiveCfg = Debug|Any CPU
		{378B5CD1-168E-4588-9584-F2837B1EA98E}.Debug|Any CPU.Build.0 = Debug|Any CPU
		{378B5CD1-168E-4588-9584-F2837B1EA98E}.Release|Any CPU.ActiveCfg = Release|Any CPU
		{378B5CD1-168E-4588-9584-F2837B1EA98E}.Release|Any CPU.Build.0 = Release|Any CPU
		{DD2D330A-0053-4BCB-B8A7-64C2A57A03C6}.Debug|Any CPU.ActiveCfg = Debug|Any CPU
		{DD2D330A-0053-4BCB-B8A7-64C2A57A03C6}.Debug|Any CPU.Build.0 = Debug|Any CPU
		{DD2D330A-0053-4BCB-B8A7-64C2A57A03C6}.Release|Any CPU.ActiveCfg = Release|Any CPU
		{DD2D330A-0053-4BCB-B8A7-64C2A57A03C6}.Release|Any CPU.Build.0 = Release|Any CPU
	EndGlobalSection
	GlobalSection(SolutionProperties) = preSolution
		HideSolutionNode = FALSE
	EndGlobalSection
	GlobalSection(ExtensibilityGlobals) = postSolution
		SolutionGuid = {681394F8-34B2-4B10-B738-D13F41867854}
	EndGlobalSection
EndGlobal
